
Microsoft Visual Studio Solution File, Format Version 12.00
# Visual Studio Version 17
VisualStudioVersion = 17.10.35122.118
MinimumVisualStudioVersion = 10.0.40219.1
Project("{8BC9CEB8-8B4A-11D0-8D11-00A0C91BC942}") = "StudyDungeon", "StudyDungeon.vcxproj", "{00258BD9-E722-48A3-B99E-B21AA46F5D14}"
EndProject
Global
	GlobalSection(SolutionConfigurationPlatforms) = preSolution
		Debug|x64 = Debug|x64
		Debug|x86 = Debug|x86
		Release|x64 = Release|x64
		Release|x86 = Release|x86
	EndGlobalSection
	GlobalSection(ProjectConfigurationPlatforms) = postSolution
		{00258BD9-E722-48A3-B99E-B21AA46F5D14}.Debug|x64.ActiveCfg = Debug|x64
		{00258BD9-E722-48A3-B99E-B21AA46F5D14}.Debug|x64.Build.0 = Debug|x64
		{00258BD9-E722-48A3-B99E-B21AA46F5D14}.Debug|x86.ActiveCfg = Debug|Win32
		{00258BD9-E722-48A3-B99E-B21AA46F5D14}.Debug|x86.Build.0 = Debug|Win32
		{00258BD9-E722-48A3-B99E-B21AA46F5D14}.Release|x64.ActiveCfg = Release|x64
		{00258BD9-E722-48A3-B99E-B21AA46F5D14}.Release|x64.Build.0 = Release|x64
		{00258BD9-E722-48A3-B99E-B21AA46F5D14}.Release|x86.ActiveCfg = Release|Win32
		{00258BD9-E722-48A3-B99E-B21AA46F5D14}.Release|x86.Build.0 = Release|Win32
	EndGlobalSection
	GlobalSection(SolutionProperties) = preSolution
		HideSolutionNode = FALSE
	EndGlobalSection
	GlobalSection(ExtensibilityGlobals) = postSolution
		SolutionGuid = {46F78285-6D32-44BA-A08F-486F677B1684}
	EndGlobalSection
EndGlobal
